
Microsoft Visual Studio Solution File, Format Version 12.00
# Visual Studio 15
VisualStudioVersion = 15.0.26730.16
MinimumVisualStudioVersion = 10.0.40219.1
Project("{FAE04EC0-301F-11D3-BF4B-00C04F79EFBC}") = "Meal", "Meal\Meal.csproj", "{14B740D0-7E46-4EFA-8A84-16669D4FBA3B}"
EndProject
Global
	GlobalSection(SolutionConfigurationPlatforms) = preSolution
		Debug|Any CPU = Debug|Any CPU
		Release|Any CPU = Release|Any CPU
	EndGlobalSection
	GlobalSection(ProjectConfigurationPlatforms) = postSolution
		{14B740D0-7E46-4EFA-8A84-16669D4FBA3B}.Debug|Any CPU.ActiveCfg = Debug|Any CPU
		{14B740D0-7E46-4EFA-8A84-16669D4FBA3B}.Debug|Any CPU.Build.0 = Debug|Any CPU
		{14B740D0-7E46-4EFA-8A84-16669D4FBA3B}.Release|Any CPU.ActiveCfg = Release|Any CPU
		{14B740D0-7E46-4EFA-8A84-16669D4FBA3B}.Release|Any CPU.Build.0 = Release|Any CPU
	EndGlobalSection
	GlobalSection(SolutionProperties) = preSolution
		HideSolutionNode = FALSE
	EndGlobalSection
	GlobalSection(ExtensibilityGlobals) = postSolution
		SolutionGuid = {CB77B9B1-DC8A-4AA5-87A5-78A5DC0633F8}
	EndGlobalSection
EndGlobal
